
Microsoft Visual Studio Solution File, Format Version 12.00
# Visual Studio Version 17
VisualStudioVersion = 17.4.33205.214
MinimumVisualStudioVersion = 10.0.40219.1
Project("{9A19103F-16F7-4668-BE54-9A1E7A4F7556}") = "KafkaProducer", "KafkaProducer\KafkaProducer.csproj", "{830FF2E4-1822-49F5-9D78-C2272CE10087}"
EndProject
Project("{FAE04EC0-301F-11D3-BF4B-00C04F79EFBC}") = "Consumer", "Consumer\Consumer.csproj", "{69CD6D5D-F39C-4875-B7D9-DDC1CF2A938B}"
EndProject
Project("{FAE04EC0-301F-11D3-BF4B-00C04F79EFBC}") = "Consumer Api", "Consumer Api\Consumer Api.csproj", "{10F4BDD9-B8CF-421D-B016-7AE7A56BAE10}"
EndProject
Global
	GlobalSection(SolutionConfigurationPlatforms) = preSolution
		Debug|Any CPU = Debug|Any CPU
		Release|Any CPU = Release|Any CPU
	EndGlobalSection
	GlobalSection(ProjectConfigurationPlatforms) = postSolution
		{830FF2E4-1822-49F5-9D78-C2272CE10087}.Debug|Any CPU.ActiveCfg = Debug|Any CPU
		{830FF2E4-1822-49F5-9D78-C2272CE10087}.Debug|Any CPU.Build.0 = Debug|Any CPU
		{830FF2E4-1822-49F5-9D78-C2272CE10087}.Release|Any CPU.ActiveCfg = Release|Any CPU
		{830FF2E4-1822-49F5-9D78-C2272CE10087}.Release|Any CPU.Build.0 = Release|Any CPU
		{69CD6D5D-F39C-4875-B7D9-DDC1CF2A938B}.Debug|Any CPU.ActiveCfg = Debug|Any CPU
		{69CD6D5D-F39C-4875-B7D9-DDC1CF2A938B}.Debug|Any CPU.Build.0 = Debug|Any CPU
		{69CD6D5D-F39C-4875-B7D9-DDC1CF2A938B}.Release|Any CPU.ActiveCfg = Release|Any CPU
		{69CD6D5D-F39C-4875-B7D9-DDC1CF2A938B}.Release|Any CPU.Build.0 = Release|Any CPU
		{10F4BDD9-B8CF-421D-B016-7AE7A56BAE10}.Debug|Any CPU.ActiveCfg = Debug|Any CPU
		{10F4BDD9-B8CF-421D-B016-7AE7A56BAE10}.Debug|Any CPU.Build.0 = Debug|Any CPU
		{10F4BDD9-B8CF-421D-B016-7AE7A56BAE10}.Release|Any CPU.ActiveCfg = Release|Any CPU
		{10F4BDD9-B8CF-421D-B016-7AE7A56BAE10}.Release|Any CPU.Build.0 = Release|Any CPU
	EndGlobalSection
	GlobalSection(SolutionProperties) = preSolution
		HideSolutionNode = FALSE
	EndGlobalSection
	GlobalSection(ExtensibilityGlobals) = postSolution
		SolutionGuid = {3A7FDB59-8D4A-4C51-A16B-5934AF5DB120}
	EndGlobalSection
EndGlobal
